{
  "nodes": {
    "nixpkgs": {
      "locked": {
        "lastModified": 1751041636,
        "narHash": "sha256-O1tM07rnkrcAUFCBk+zE9ewgGsh66SCivCQqeFOp2dE=",
        "owner": "prinzdezibel",
        "repo": "nixpkgs",
        "rev": "122c73d0018925312e57049105008497fc67b6f2",
        "type": "github"
      },
      "original": {
        "owner": "prinzdezibel",
        "ref": "working",
        "repo": "nixpkgs",
        "type": "github"
      }
    },
    "root": {
      "inputs": {
        "nixpkgs": "nixpkgs"
      }
    }
  },
  "root": "root",
  "version": 7
}
