{
  "nodes": {
    "nixpkgs": {
      "locked": {
        "lastModified": 1736380574,
        "narHash": "sha256-JBSV3Fyf7IrsVTavji9GqUiObUXtLAzuIaMjOYblqvU=",
        "owner": "prinzdezibel",
        "repo": "nixpkgs",
        "rev": "d0da7daf0ecc03be5acad2d0340d967530c97ca3",
        "type": "github"
      },
      "original": {
        "owner": "prinzdezibel",
        "ref": "d0da7daf0ecc03be5acad2d0340d967530c97ca3",
        "repo": "nixpkgs",
        "type": "github"
      }
    },
    "root": {
      "inputs": {
        "nixpkgs": "nixpkgs"
      }
    }
  },
  "root": "root",
  "version": 7
}
