{
  "nodes": {
    "nixpkgs": {
      "locked": {
        "lastModified": 1734000729,
        "narHash": "sha256-x9Sf5FTRYu0XeOZJAh0qXZH/oTqWtB7XUi27UIN34A4=",
        "owner": "prinzdezibel",
        "repo": "nixpkgs",
        "rev": "24c7809aa03bf13bb702f8abf622d91d471ae111",
        "type": "github"
      },
      "original": {
        "owner": "prinzdezibel",
        "ref": "24c7809aa03bf13bb702f8abf622d91d471ae111",
        "repo": "nixpkgs",
        "type": "github"
      }
    },
    "root": {
      "inputs": {
        "nixpkgs": "nixpkgs"
      }
    }
  },
  "root": "root",
  "version": 7
}
